{
  "version": 4,
  "terraform_version": "0.13.5",
  "serial": 446,
  "lineage": "7545554a-89d1-4e48-ac95-ebc9c53d21f2",
  "outputs": {},
  "resources": [
    {
      "mode": "data",
      "type": "template_file",
      "name": "user_data",
      "provider": "provider[\"registry.terraform.io/hashicorp/template\"]",
      "instances": [
        {
          "schema_version": 0,
          "attributes": {
            "filename": null,
            "id": "c44769588e76fcc2036785d2ff18b3dac0f67b48c0ff1655a73b696eac367f67",
            "rendered": "#cloud-config\nssh_pwauth: True\nchpasswd:\n  list: |\n     root:M@ck3y242\n  expire: False\nusers:\n  - name: wfisher\n    ssh_authorized_keys:\n      - ssh-ed25519 AAAAC3NzaC1lZDI1NTE5AAAAIBpV6C8n4XPvSXvF8mvoHSs20kR7PfnuRKwtcihFL5EA wfisher@vespasian.reality.dataforge.network\n    sudo: ['ALL=(ALL) NOPASSWD:ALL']\n    shell: /bin/bash\n    groups: wheel\npackages:\n   - qemu-guest-agent\nruncmd:\n   - \"dnf update\"\n   - \"curl -sfL https://get.k3s.io | sh -\"",
            "template": "#cloud-config\nssh_pwauth: True\nchpasswd:\n  list: |\n     root:M@ck3y242\n  expire: False\nusers:\n  - name: wfisher\n    ssh_authorized_keys:\n      - ssh-ed25519 AAAAC3NzaC1lZDI1NTE5AAAAIBpV6C8n4XPvSXvF8mvoHSs20kR7PfnuRKwtcihFL5EA wfisher@vespasian.reality.dataforge.network\n    sudo: ['ALL=(ALL) NOPASSWD:ALL']\n    shell: /bin/bash\n    groups: wheel\npackages:\n   - qemu-guest-agent\nruncmd:\n   - \"dnf update\"\n   - \"curl -sfL https://get.k3s.io | sh -\"",
            "vars": null
          }
        }
      ]
    },
    {
      "mode": "managed",
      "type": "libvirt_cloudinit_disk",
      "name": "commoninit",
      "provider": "provider[\"registry.terraform.io/dmacvicar/libvirt\"]",
      "instances": [
        {
          "schema_version": 0,
          "attributes": {
            "id": "/var/lib/libvirt/images/commoninit.iso;5fac771c-e7c1-f6fe-37a5-8e71ff089e5d",
            "meta_data": "",
            "name": "commoninit.iso",
            "network_config": "",
            "pool": "default",
            "user_data": "#cloud-config\nssh_pwauth: True\nchpasswd:\n  list: |\n     root:M@ck3y242\n  expire: False\nusers:\n  - name: wfisher\n    ssh_authorized_keys:\n      - ssh-ed25519 AAAAC3NzaC1lZDI1NTE5AAAAIBpV6C8n4XPvSXvF8mvoHSs20kR7PfnuRKwtcihFL5EA wfisher@vespasian.reality.dataforge.network\n    sudo: ['ALL=(ALL) NOPASSWD:ALL']\n    shell: /bin/bash\n    groups: wheel\npackages:\n   - qemu-guest-agent\nruncmd:\n   - \"dnf update\"\n   - \"curl -sfL https://get.k3s.io | sh -\""
          },
          "private": "bnVsbA==",
          "dependencies": [
            "data.template_file.user_data"
          ]
        }
      ]
    },
    {
      "mode": "managed",
      "type": "libvirt_domain",
      "name": "domain-rhel8",
      "provider": "provider[\"registry.terraform.io/dmacvicar/libvirt\"]",
      "instances": [
        {
          "schema_version": 0,
          "attributes": {
            "arch": "x86_64",
            "autostart": false,
            "boot_device": [],
            "cloudinit": "/var/lib/libvirt/images/commoninit.iso;5fac771c-e7c1-f6fe-37a5-8e71ff089e5d",
            "cmdline": null,
            "console": [
              {
                "source_host": "127.0.0.1",
                "source_path": "",
                "source_service": "0",
                "target_port": "0",
                "target_type": "serial",
                "type": "pty"
              },
              {
                "source_host": "127.0.0.1",
                "source_path": "",
                "source_service": "0",
                "target_port": "1",
                "target_type": "virtio",
                "type": "pty"
              }
            ],
            "coreos_ignition": null,
            "cpu": null,
            "description": "",
            "disk": [
              {
                "block_device": "",
                "file": "",
                "scsi": false,
                "url": "",
                "volume_id": "/var/lib/libvirt/images/rhel8-qcow2",
                "wwn": ""
              }
            ],
            "emulator": "/usr/bin/qemu-system-x86_64",
            "filesystem": [],
            "firmware": "",
            "fw_cfg_name": "opt/com.coreos/config",
            "graphics": [
              {
                "autoport": true,
                "listen_address": "127.0.0.1",
                "listen_type": "address",
                "type": "spice"
              }
            ],
            "id": "c9b7f909-fff8-4baf-b27e-7d4c81eb8a20",
            "initrd": "",
            "kernel": "",
            "machine": "pc",
            "memory": 512,
            "metadata": null,
            "name": "rhel8-terraform",
            "network_interface": [
              {
                "addresses": [],
                "bridge": "",
                "hostname": "",
                "mac": "52:54:00:22:AC:44",
                "macvtap": "",
                "network_id": "0ee51b49-3eb0-4a67-8f1d-93814946cad7",
                "network_name": "default",
                "passthrough": "",
                "vepa": "",
                "wait_for_lease": false
              }
            ],
            "nvram": [],
            "qemu_agent": false,
            "running": true,
            "timeouts": null,
            "vcpu": 1,
            "video": [],
            "xml": []
          },
          "private": "eyJlMmJmYjczMC1lY2FhLTExZTYtOGY4OC0zNDM2M2JjN2M0YzAiOnsiY3JlYXRlIjozMDAwMDAwMDAwMDB9fQ==",
          "dependencies": [
            "data.template_file.user_data",
            "libvirt_cloudinit_disk.commoninit",
            "libvirt_volume.rhel8-qcow2"
          ]
        }
      ]
    },
    {
      "mode": "managed",
      "type": "libvirt_volume",
      "name": "rhel8-qcow2",
      "provider": "provider[\"registry.terraform.io/dmacvicar/libvirt\"]",
      "instances": [
        {
          "schema_version": 0,
          "attributes": {
            "base_volume_id": null,
            "base_volume_name": null,
            "base_volume_pool": null,
            "format": "qcow2",
            "id": "/var/lib/libvirt/images/rhel8-qcow2",
            "name": "rhel8-qcow2",
            "pool": "default",
            "size": 10737418240,
            "source": "./images/rhel-8.3-x86_64-kvm.qcow2",
            "xml": []
          },
          "private": "bnVsbA=="
        }
      ]
    }
  ]
}
